
Microsoft Visual Studio Solution File, Format Version 12.00
# Visual Studio Version 17
VisualStudioVersion = 17.9.34622.214
MinimumVisualStudioVersion = 10.0.40219.1
Project("{FAE04EC0-301F-11D3-BF4B-00C04F79EFBC}") = "MundoVerde", "MundoVerde\MundoVerde.csproj", "{F9CEC5EF-BE4F-4744-A9A8-C68933CF3BDF}"
EndProject
Global
	GlobalSection(SolutionConfigurationPlatforms) = preSolution
		Debug|Any CPU = Debug|Any CPU
		Release|Any CPU = Release|Any CPU
	EndGlobalSection
	GlobalSection(ProjectConfigurationPlatforms) = postSolution
		{F9CEC5EF-BE4F-4744-A9A8-C68933CF3BDF}.Debug|Any CPU.ActiveCfg = Debug|Any CPU
		{F9CEC5EF-BE4F-4744-A9A8-C68933CF3BDF}.Debug|Any CPU.Build.0 = Debug|Any CPU
		{F9CEC5EF-BE4F-4744-A9A8-C68933CF3BDF}.Release|Any CPU.ActiveCfg = Release|Any CPU
		{F9CEC5EF-BE4F-4744-A9A8-C68933CF3BDF}.Release|Any CPU.Build.0 = Release|Any CPU
	EndGlobalSection
	GlobalSection(SolutionProperties) = preSolution
		HideSolutionNode = FALSE
	EndGlobalSection
	GlobalSection(ExtensibilityGlobals) = postSolution
		SolutionGuid = {3CE33EA9-0E3B-4F02-84B5-7FE9A2EFE331}
	EndGlobalSection
EndGlobal
